// !$*UTF8*$!
{
	archiveVersion = 1;
	classes = {
	};
	objectVersion = 55;
	objects = {

/* Begin PBXBuildFile section */
		77312DF5276CC64800B6C4F1 /* AppDelegate.swift in Sources */ = {isa = PBXBuildFile; fileRef = 77312DF4276CC64800B6C4F1 /* AppDelegate.swift */; };
		77312DF7276CC64800B6C4F1 /* SceneDelegate.swift in Sources */ = {isa = PBXBuildFile; fileRef = 77312DF6276CC64800B6C4F1 /* SceneDelegate.swift */; };
		77312DF9276CC64800B6C4F1 /* ViewController.swift in Sources */ = {isa = PBXBuildFile; fileRef = 77312DF8276CC64800B6C4F1 /* ViewController.swift */; };
		77312DFC276CC64800B6C4F1 /* Main.storyboard in Resources */ = {isa = PBXBuildFile; fileRef = 77312DFA276CC64800B6C4F1 /* Main.storyboard */; };
		77312DFE276CC64D00B6C4F1 /* Assets.xcassets in Resources */ = {isa = PBXBuildFile; fileRef = 77312DFD276CC64D00B6C4F1 /* Assets.xcassets */; };
		77312E01276CC64D00B6C4F1 /* LaunchScreen.storyboard in Resources */ = {isa = PBXBuildFile; fileRef = 77312DFF276CC64D00B6C4F1 /* LaunchScreen.storyboard */; };
		77312E0D276CCB2800B6C4F1 /* UserModel.swift in Sources */ = {isa = PBXBuildFile; fileRef = 77312E0C276CCB2800B6C4F1 /* UserModel.swift */; };
		77312E0F276CCC5500B6C4F1 /* UserViewModel.swift in Sources */ = {isa = PBXBuildFile; fileRef = 77312E0E276CCC5500B6C4F1 /* UserViewModel.swift */; };
		77312E12276CD6A500B6C4F1 /* UserTableViewCell.swift in Sources */ = {isa = PBXBuildFile; fileRef = 77312E10276CD6A500B6C4F1 /* UserTableViewCell.swift */; };
		77312E13276CD6A500B6C4F1 /* UserTableViewCell.xib in Resources */ = {isa = PBXBuildFile; fileRef = 77312E11276CD6A500B6C4F1 /* UserTableViewCell.xib */; };
		C28352D5EA41CD80A785EA66 /* Pods_MVVMUsingCodableAlamofireDemo.framework in Frameworks */ = {isa = PBXBuildFile; fileRef = 8490F4560E39CBCD25CC47EA /* Pods_MVVMUsingCodableAlamofireDemo.framework */; };
/* End PBXBuildFile section */

/* Begin PBXFileReference section */
		4AF88468CA61C4EE47F843D4 /* Pods-MVVMUsingCodableAlamofireDemo.release.xcconfig */ = {isa = PBXFileReference; includeInIndex = 1; lastKnownFileType = text.xcconfig; name = "Pods-MVVMUsingCodableAlamofireDemo.release.xcconfig"; path = "Target Support Files/Pods-MVVMUsingCodableAlamofireDemo/Pods-MVVMUsingCodableAlamofireDemo.release.xcconfig"; sourceTree = "<group>"; };
		77312DF1276CC64800B6C4F1 /* MVVMUsingCodableAlamofireDemo.app */ = {isa = PBXFileReference; explicitFileType = wrapper.application; includeInIndex = 0; path = MVVMUsingCodableAlamofireDemo.app; sourceTree = BUILT_PRODUCTS_DIR; };
		77312DF4276CC64800B6C4F1 /* AppDelegate.swift */ = {isa = PBXFileReference; lastKnownFileType = sourcecode.swift; path = AppDelegate.swift; sourceTree = "<group>"; };
		77312DF6276CC64800B6C4F1 /* SceneDelegate.swift */ = {isa = PBXFileReference; lastKnownFileType = sourcecode.swift; path = SceneDelegate.swift; sourceTree = "<group>"; };
		77312DF8276CC64800B6C4F1 /* ViewController.swift */ = {isa = PBXFileReference; lastKnownFileType = sourcecode.swift; path = ViewController.swift; sourceTree = "<group>"; };
		77312DFB276CC64800B6C4F1 /* Base */ = {isa = PBXFileReference; lastKnownFileType = file.storyboard; name = Base; path = Base.lproj/Main.storyboard; sourceTree = "<group>"; };
		77312DFD276CC64D00B6C4F1 /* Assets.xcassets */ = {isa = PBXFileReference; lastKnownFileType = folder.assetcatalog; path = Assets.xcassets; sourceTree = "<group>"; };
		77312E00276CC64D00B6C4F1 /* Base */ = {isa = PBXFileReference; lastKnownFileType = file.storyboard; name = Base; path = Base.lproj/LaunchScreen.storyboard; sourceTree = "<group>"; };
		77312E02276CC64D00B6C4F1 /* Info.plist */ = {isa = PBXFileReference; lastKnownFileType = text.plist.xml; path = Info.plist; sourceTree = "<group>"; };
		77312E0C276CCB2800B6C4F1 /* UserModel.swift */ = {isa = PBXFileReference; fileEncoding = 4; lastKnownFileType = sourcecode.swift; path = UserModel.swift; sourceTree = "<group>"; };
		77312E0E276CCC5500B6C4F1 /* UserViewModel.swift */ = {isa = PBXFileReference; lastKnownFileType = sourcecode.swift; path = UserViewModel.swift; sourceTree = "<group>"; };
		77312E10276CD6A500B6C4F1 /* UserTableViewCell.swift */ = {isa = PBXFileReference; lastKnownFileType = sourcecode.swift; path = UserTableViewCell.swift; sourceTree = "<group>"; };
		77312E11276CD6A500B6C4F1 /* UserTableViewCell.xib */ = {isa = PBXFileReference; lastKnownFileType = file.xib; path = UserTableViewCell.xib; sourceTree = "<group>"; };
		8490F4560E39CBCD25CC47EA /* Pods_MVVMUsingCodableAlamofireDemo.framework */ = {isa = PBXFileReference; explicitFileType = wrapper.framework; includeInIndex = 0; path = Pods_MVVMUsingCodableAlamofireDemo.framework; sourceTree = BUILT_PRODUCTS_DIR; };
		A6394EC0D44991CAC1BBB541 /* Pods-MVVMUsingCodableAlamofireDemo.debug.xcconfig */ = {isa = PBXFileReference; includeInIndex = 1; lastKnownFileType = text.xcconfig; name = "Pods-MVVMUsingCodableAlamofireDemo.debug.xcconfig"; path = "Target Support Files/Pods-MVVMUsingCodableAlamofireDemo/Pods-MVVMUsingCodableAlamofireDemo.debug.xcconfig"; sourceTree = "<group>"; };
/* End PBXFileReference section */

/* Begin PBXFrameworksBuildPhase section */
		77312DEE276CC64700B6C4F1 /* Frameworks */ = {
			isa = PBXFrameworksBuildPhase;
			buildActionMask = 2147483647;
			files = (
				C28352D5EA41CD80A785EA66 /* Pods_MVVMUsingCodableAlamofireDemo.framework in Frameworks */,
			);
			runOnlyForDeploymentPostprocessing = 0;
		};
/* End PBXFrameworksBuildPhase section */

/* Begin PBXGroup section */
		77312DE8276CC64700B6C4F1 = {
			isa = PBXGroup;
			children = (
				77312E08276CC67000B6C4F1 /* Model */,
				77312E09276CC67800B6C4F1 /* ViewModel */,
				77312E0A276CC67F00B6C4F1 /* View */,
				77312E0B276CC68600B6C4F1 /* Controller */,
				77312DF3276CC64800B6C4F1 /* MVVMUsingCodableAlamofireDemo */,
				77312DF2276CC64800B6C4F1 /* Products */,
				E19ACFD5BD936738924A5FC1 /* Pods */,
				800D321D7945A777E9282C70 /* Frameworks */,
			);
			sourceTree = "<group>";
		};
		77312DF2276CC64800B6C4F1 /* Products */ = {
			isa = PBXGroup;
			children = (
				77312DF1276CC64800B6C4F1 /* MVVMUsingCodableAlamofireDemo.app */,
			);
			name = Products;
			sourceTree = "<group>";
		};
		77312DF3276CC64800B6C4F1 /* MVVMUsingCodableAlamofireDemo */ = {
			isa = PBXGroup;
			children = (
				77312DF4276CC64800B6C4F1 /* AppDelegate.swift */,
				77312DF6276CC64800B6C4F1 /* SceneDelegate.swift */,
				77312DFA276CC64800B6C4F1 /* Main.storyboard */,
				77312DFD276CC64D00B6C4F1 /* Assets.xcassets */,
				77312DFF276CC64D00B6C4F1 /* LaunchScreen.storyboard */,
				77312E02276CC64D00B6C4F1 /* Info.plist */,
			);
			path = MVVMUsingCodableAlamofireDemo;
			sourceTree = "<group>";
		};
		77312E08276CC67000B6C4F1 /* Model */ = {
			isa = PBXGroup;
			children = (
				77312E0C276CCB2800B6C4F1 /* UserModel.swift */,
			);
			path = Model;
			sourceTree = "<group>";
		};
		77312E09276CC67800B6C4F1 /* ViewModel */ = {
			isa = PBXGroup;
			children = (
				77312E0E276CCC5500B6C4F1 /* UserViewModel.swift */,
			);
			path = ViewModel;
			sourceTree = "<group>";
		};
		77312E0A276CC67F00B6C4F1 /* View */ = {
			isa = PBXGroup;
			children = (
				77312E10276CD6A500B6C4F1 /* UserTableViewCell.swift */,
				77312E11276CD6A500B6C4F1 /* UserTableViewCell.xib */,
			);
			path = View;
			sourceTree = "<group>";
		};
		77312E0B276CC68600B6C4F1 /* Controller */ = {
			isa = PBXGroup;
			children = (
				77312DF8276CC64800B6C4F1 /* ViewController.swift */,
			);
			path = Controller;
			sourceTree = "<group>";
		};
		800D321D7945A777E9282C70 /* Frameworks */ = {
			isa = PBXGroup;
			children = (
				8490F4560E39CBCD25CC47EA /* Pods_MVVMUsingCodableAlamofireDemo.framework */,
			);
			name = Frameworks;
			sourceTree = "<group>";
		};
		E19ACFD5BD936738924A5FC1 /* Pods */ = {
			isa = PBXGroup;
			children = (
				A6394EC0D44991CAC1BBB541 /* Pods-MVVMUsingCodableAlamofireDemo.debug.xcconfig */,
				4AF88468CA61C4EE47F843D4 /* Pods-MVVMUsingCodableAlamofireDemo.release.xcconfig */,
			);
			name = Pods;
			path = Pods;
			sourceTree = "<group>";
		};
/* End PBXGroup section */

/* Begin PBXNativeTarget section */
		77312DF0276CC64700B6C4F1 /* MVVMUsingCodableAlamofireDemo */ = {
			isa = PBXNativeTarget;
			buildConfigurationList = 77312E05276CC64D00B6C4F1 /* Build configuration list for PBXNativeTarget "MVVMUsingCodableAlamofireDemo" */;
			buildPhases = (
				03BD19CA9173F4B1C6C3E76B /* [CP] Check Pods Manifest.lock */,
				77312DED276CC64700B6C4F1 /* Sources */,
				77312DEE276CC64700B6C4F1 /* Frameworks */,
				77312DEF276CC64700B6C4F1 /* Resources */,
				6EEE5B7B37539723FAF0D6EF /* [CP] Embed Pods Frameworks */,
			);
			buildRules = (
			);
			dependencies = (
			);
			name = MVVMUsingCodableAlamofireDemo;
			productName = MVVMUsingCodableAlamofireDemo;
			productReference = 77312DF1276CC64800B6C4F1 /* MVVMUsingCodableAlamofireDemo.app */;
			productType = "com.apple.product-type.application";
		};
/* End PBXNativeTarget section */

/* Begin PBXProject section */
		77312DE9276CC64700B6C4F1 /* Project object */ = {
			isa = PBXProject;
			attributes = {
				BuildIndependentTargetsInParallel = 1;
				LastSwiftUpdateCheck = 1300;
				LastUpgradeCheck = 1300;
				TargetAttributes = {
					77312DF0276CC64700B6C4F1 = {
						CreatedOnToolsVersion = 13.0;
					};
				};
			};
			buildConfigurationList = 77312DEC276CC64700B6C4F1 /* Build configuration list for PBXProject "MVVMUsingCodableAlamofireDemo" */;
			compatibilityVersion = "Xcode 13.0";
			developmentRegion = en;
			hasScannedForEncodings = 0;
			knownRegions = (
				en,
				Base,
			);
			mainGroup = 77312DE8276CC64700B6C4F1;
			productRefGroup = 77312DF2276CC64800B6C4F1 /* Products */;
			projectDirPath = "";
			projectRoot = "";
			targets = (
				77312DF0276CC64700B6C4F1 /* MVVMUsingCodableAlamofireDemo */,
			);
		};
/* End PBXProject section */

/* Begin PBXResourcesBuildPhase section */
		77312DEF276CC64700B6C4F1 /* Resources */ = {
			isa = PBXResourcesBuildPhase;
			buildActionMask = 2147483647;
			files = (
				77312E13276CD6A500B6C4F1 /* UserTableViewCell.xib in Resources */,
				77312E01276CC64D00B6C4F1 /* LaunchScreen.storyboard in Resources */,
				77312DFE276CC64D00B6C4F1 /* Assets.xcassets in Resources */,
				77312DFC276CC64800B6C4F1 /* Main.storyboard in Resources */,
			);
			runOnlyForDeploymentPostprocessing = 0;
		};
/* End PBXResourcesBuildPhase section */

/* Begin PBXShellScriptBuildPhase section */
		03BD19CA9173F4B1C6C3E76B /* [CP] Check Pods Manifest.lock */ = {
			isa = PBXShellScriptBuildPhase;
			buildActionMask = 2147483647;
			files = (
			);
			inputFileListPaths = (
			);
			inputPaths = (
				"${PODS_PODFILE_DIR_PATH}/Podfile.lock",
				"${PODS_ROOT}/Manifest.lock",
			);
			name = "[CP] Check Pods Manifest.lock";
			outputFileListPaths = (
			);
			outputPaths = (
				"$(DERIVED_FILE_DIR)/Pods-MVVMUsingCodableAlamofireDemo-checkManifestLockResult.txt",
			);
			runOnlyForDeploymentPostprocessing = 0;
			shellPath = /bin/sh;
			shellScript = "diff \"${PODS_PODFILE_DIR_PATH}/Podfile.lock\" \"${PODS_ROOT}/Manifest.lock\" > /dev/null\nif [ $? != 0 ] ; then\n    # print error to STDERR\n    echo \"error: The sandbox is not in sync with the Podfile.lock. Run 'pod install' or update your CocoaPods installation.\" >&2\n    exit 1\nfi\n# This output is used by Xcode 'outputs' to avoid re-running this script phase.\necho \"SUCCESS\" > \"${SCRIPT_OUTPUT_FILE_0}\"\n";
			showEnvVarsInLog = 0;
		};
		6EEE5B7B37539723FAF0D6EF /* [CP] Embed Pods Frameworks */ = {
			isa = PBXShellScriptBuildPhase;
			buildActionMask = 2147483647;
			files = (
			);
			inputFileListPaths = (
				"${PODS_ROOT}/Target Support Files/Pods-MVVMUsingCodableAlamofireDemo/Pods-MVVMUsingCodableAlamofireDemo-frameworks-${CONFIGURATION}-input-files.xcfilelist",
			);
			name = "[CP] Embed Pods Frameworks";
			outputFileListPaths = (
				"${PODS_ROOT}/Target Support Files/Pods-MVVMUsingCodableAlamofireDemo/Pods-MVVMUsingCodableAlamofireDemo-frameworks-${CONFIGURATION}-output-files.xcfilelist",
			);
			runOnlyForDeploymentPostprocessing = 0;
			shellPath = /bin/sh;
			shellScript = "\"${PODS_ROOT}/Target Support Files/Pods-MVVMUsingCodableAlamofireDemo/Pods-MVVMUsingCodableAlamofireDemo-frameworks.sh\"\n";
			showEnvVarsInLog = 0;
		};
/* End PBXShellScriptBuildPhase section */

/* Begin PBXSourcesBuildPhase section */
		77312DED276CC64700B6C4F1 /* Sources */ = {
			isa = PBXSourcesBuildPhase;
			buildActionMask = 2147483647;
			files = (
				77312DF9276CC64800B6C4F1 /* ViewController.swift in Sources */,
				77312E0D276CCB2800B6C4F1 /* UserModel.swift in Sources */,
				77312DF5276CC64800B6C4F1 /* AppDelegate.swift in Sources */,
				77312E0F276CCC5500B6C4F1 /* UserViewModel.swift in Sources */,
				77312E12276CD6A500B6C4F1 /* UserTableViewCell.swift in Sources */,
				77312DF7276CC64800B6C4F1 /* SceneDelegate.swift in Sources */,
			);
			runOnlyForDeploymentPostprocessing = 0;
		};
/* End PBXSourcesBuildPhase section */

/* Begin PBXVariantGroup section */
		77312DFA276CC64800B6C4F1 /* Main.storyboard */ = {
			isa = PBXVariantGroup;
			children = (
				77312DFB276CC64800B6C4F1 /* Base */,
			);
			name = Main.storyboard;
			sourceTree = "<group>";
		};
		77312DFF276CC64D00B6C4F1 /* LaunchScreen.storyboard */ = {
			isa = PBXVariantGroup;
			children = (
				77312E00276CC64D00B6C4F1 /* Base */,
			);
			name = LaunchScreen.storyboard;
			sourceTree = "<group>";
		};
/* End PBXVariantGroup section */

/* Begin XCBuildConfiguration section */
		77312E03276CC64D00B6C4F1 /* Debug */ = {
			isa = XCBuildConfiguration;
			buildSettings = {
				ALWAYS_SEARCH_USER_PATHS = NO;
				CLANG_ANALYZER_NONNULL = YES;
				CLANG_ANALYZER_NUMBER_OBJECT_CONVERSION = YES_AGGRESSIVE;
				CLANG_CXX_LANGUAGE_STANDARD = "gnu++17";
				CLANG_CXX_LIBRARY = "libc++";
				CLANG_ENABLE_MODULES = YES;
				CLANG_ENABLE_OBJC_ARC = YES;
				CLANG_ENABLE_OBJC_WEAK = YES;
				CLANG_WARN_BLOCK_CAPTURE_AUTORELEASING = YES;
				CLANG_WARN_BOOL_CONVERSION = YES;
				CLANG_WARN_COMMA = YES;
				CLANG_WARN_CONSTANT_CONVERSION = YES;
				CLANG_WARN_DEPRECATED_OBJC_IMPLEMENTATIONS = YES;
				CLANG_WARN_DIRECT_OBJC_ISA_USAGE = YES_ERROR;
				CLANG_WARN_DOCUMENTATION_COMMENTS = YES;
				CLANG_WARN_EMPTY_BODY = YES;
				CLANG_WARN_ENUM_CONVERSION = YES;
				CLANG_WARN_INFINITE_RECURSION = YES;
				CLANG_WARN_INT_CONVERSION = YES;
				CLANG_WARN_NON_LITERAL_NULL_CONVERSION = YES;
				CLANG_WARN_OBJC_IMPLICIT_RETAIN_SELF = YES;
				CLANG_WARN_OBJC_LITERAL_CONVERSION = YES;
				CLANG_WARN_OBJC_ROOT_CLASS = YES_ERROR;
				CLANG_WARN_QUOTED_INCLUDE_IN_FRAMEWORK_HEADER = YES;
				CLANG_WARN_RANGE_LOOP_ANALYSIS = YES;
				CLANG_WARN_STRICT_PROTOTYPES = YES;
				CLANG_WARN_SUSPICIOUS_MOVE = YES;
				CLANG_WARN_UNGUARDED_AVAILABILITY = YES_AGGRESSIVE;
				CLANG_WARN_UNREACHABLE_CODE = YES;
				CLANG_WARN__DUPLICATE_METHOD_MATCH = YES;
				COPY_PHASE_STRIP = NO;
				DEBUG_INFORMATION_FORMAT = dwarf;
				ENABLE_STRICT_OBJC_MSGSEND = YES;
				ENABLE_TESTABILITY = YES;
				GCC_C_LANGUAGE_STANDARD = gnu11;
				GCC_DYNAMIC_NO_PIC = NO;
				GCC_NO_COMMON_BLOCKS = YES;
				GCC_OPTIMIZATION_LEVEL = 0;
				GCC_PREPROCESSOR_DEFINITIONS = (
					"DEBUG=1",
					"$(inherited)",
				);
				GCC_WARN_64_TO_32_BIT_CONVERSION = YES;
				GCC_WARN_ABOUT_RETURN_TYPE = YES_ERROR;
				GCC_WARN_UNDECLARED_SELECTOR = YES;
				GCC_WARN_UNINITIALIZED_AUTOS = YES_AGGRESSIVE;
				GCC_WARN_UNUSED_FUNCTION = YES;
				GCC_WARN_UNUSED_VARIABLE = YES;
				IPHONEOS_DEPLOYMENT_TARGET = 15.0;
				MTL_ENABLE_DEBUG_INFO = INCLUDE_SOURCE;
				MTL_FAST_MATH = YES;
				ONLY_ACTIVE_ARCH = YES;
				SDKROOT = iphoneos;
				SWIFT_ACTIVE_COMPILATION_CONDITIONS = DEBUG;
				SWIFT_OPTIMIZATION_LEVEL = "-Onone";
			};
			name = Debug;
		};
		77312E04276CC64D00B6C4F1 /* Release */ = {
			isa = XCBuildConfiguration;
			buildSettings = {
				ALWAYS_SEARCH_USER_PATHS = NO;
				CLANG_ANALYZER_NONNULL = YES;
				CLANG_ANALYZER_NUMBER_OBJECT_CONVERSION = YES_AGGRESSIVE;
				CLANG_CXX_LANGUAGE_STANDARD = "gnu++17";
				CLANG_CXX_LIBRARY = "libc++";
				CLANG_ENABLE_MODULES = YES;
				CLANG_ENABLE_OBJC_ARC = YES;
				CLANG_ENABLE_OBJC_WEAK = YES;
				CLANG_WARN_BLOCK_CAPTURE_AUTORELEASING = YES;
				CLANG_WARN_BOOL_CONVERSION = YES;
				CLANG_WARN_COMMA = YES;
				CLANG_WARN_CONSTANT_CONVERSION = YES;
				CLANG_WARN_DEPRECATED_OBJC_IMPLEMENTATIONS = YES;
				CLANG_WARN_DIRECT_OBJC_ISA_USAGE = YES_ERROR;
				CLANG_WARN_DOCUMENTATION_COMMENTS = YES;
				CLANG_WARN_EMPTY_BODY = YES;
				CLANG_WARN_ENUM_CONVERSION = YES;
				CLANG_WARN_INFINITE_RECURSION = YES;
				CLANG_WARN_INT_CONVERSION = YES;
				CLANG_WARN_NON_LITERAL_NULL_CONVERSION = YES;
				CLANG_WARN_OBJC_IMPLICIT_RETAIN_SELF = YES;
				CLANG_WARN_OBJC_LITERAL_CONVERSION = YES;
				CLANG_WARN_OBJC_ROOT_CLASS = YES_ERROR;
				CLANG_WARN_QUOTED_INCLUDE_IN_FRAMEWORK_HEADER = YES;
				CLANG_WARN_RANGE_LOOP_ANALYSIS = YES;
				CLANG_WARN_STRICT_PROTOTYPES = YES;
				CLANG_WARN_SUSPICIOUS_MOVE = YES;
				CLANG_WARN_UNGUARDED_AVAILABILITY = YES_AGGRESSIVE;
				CLANG_WARN_UNREACHABLE_CODE = YES;
				CLANG_WARN__DUPLICATE_METHOD_MATCH = YES;
				COPY_PHASE_STRIP = NO;
				DEBUG_INFORMATION_FORMAT = "dwarf-with-dsym";
				ENABLE_NS_ASSERTIONS = NO;
				ENABLE_STRICT_OBJC_MSGSEND = YES;
				GCC_C_LANGUAGE_STANDARD = gnu11;
				GCC_NO_COMMON_BLOCKS = YES;
				GCC_WARN_64_TO_32_BIT_CONVERSION = YES;
				GCC_WARN_ABOUT_RETURN_TYPE = YES_ERROR;
				GCC_WARN_UNDECLARED_SELECTOR = YES;
				GCC_WARN_UNINITIALIZED_AUTOS = YES_AGGRESSIVE;
				GCC_WARN_UNUSED_FUNCTION = YES;
				GCC_WARN_UNUSED_VARIABLE = YES;
				IPHONEOS_DEPLOYMENT_TARGET = 15.0;
				MTL_ENABLE_DEBUG_INFO = NO;
				MTL_FAST_MATH = YES;
				SDKROOT = iphoneos;
				SWIFT_COMPILATION_MODE = wholemodule;
				SWIFT_OPTIMIZATION_LEVEL = "-O";
				VALIDATE_PRODUCT = YES;
			};
			name = Release;
		};
		77312E06276CC64D00B6C4F1 /* Debug */ = {
			isa = XCBuildConfiguration;
			baseConfigurationReference = A6394EC0D44991CAC1BBB541 /* Pods-MVVMUsingCodableAlamofireDemo.debug.xcconfig */;
			buildSettings = {
				ASSETCATALOG_COMPILER_APPICON_NAME = AppIcon;
				ASSETCATALOG_COMPILER_GLOBAL_ACCENT_COLOR_NAME = AccentColor;
				CODE_SIGN_STYLE = Automatic;
				CURRENT_PROJECT_VERSION = 1;
				GENERATE_INFOPLIST_FILE = YES;
				INFOPLIST_FILE = MVVMUsingCodableAlamofireDemo/Info.plist;
				INFOPLIST_KEY_UIApplicationSupportsIndirectInputEvents = YES;
				INFOPLIST_KEY_UILaunchStoryboardName = LaunchScreen;
				INFOPLIST_KEY_UIMainStoryboardFile = Main;
				INFOPLIST_KEY_UISupportedInterfaceOrientations_iPad = "UIInterfaceOrientationPortrait UIInterfaceOrientationPortraitUpsideDown UIInterfaceOrientationLandscapeLeft UIInterfaceOrientationLandscapeRight";
				INFOPLIST_KEY_UISupportedInterfaceOrientations_iPhone = "UIInterfaceOrientationPortrait UIInterfaceOrientationLandscapeLeft UIInterfaceOrientationLandscapeRight";
				LD_RUNPATH_SEARCH_PATHS = (
					"$(inherited)",
					"@executable_path/Frameworks",
				);
				MARKETING_VERSION = 1.0;
				PRODUCT_BUNDLE_IDENTIFIER = com.cybage.MVVMUsingCodableAlamofireDemo;
				PRODUCT_NAME = "$(TARGET_NAME)";
				SWIFT_EMIT_LOC_STRINGS = YES;
				SWIFT_VERSION = 5.0;
				TARGETED_DEVICE_FAMILY = "1,2";
			};
			name = Debug;
		};
		77312E07276CC64D00B6C4F1 /* Release */ = {
			isa = XCBuildConfiguration;
			baseConfigurationReference = 4AF88468CA61C4EE47F843D4 /* Pods-MVVMUsingCodableAlamofireDemo.release.xcconfig */;
			buildSettings = {
				ASSETCATALOG_COMPILER_APPICON_NAME = AppIcon;
				ASSETCATALOG_COMPILER_GLOBAL_ACCENT_COLOR_NAME = AccentColor;
				CODE_SIGN_STYLE = Automatic;
				CURRENT_PROJECT_VERSION = 1;
				GENERATE_INFOPLIST_FILE = YES;
				INFOPLIST_FILE = MVVMUsingCodableAlamofireDemo/Info.plist;
				INFOPLIST_KEY_UIApplicationSupportsIndirectInputEvents = YES;
				INFOPLIST_KEY_UILaunchStoryboardName = LaunchScreen;
				INFOPLIST_KEY_UIMainStoryboardFile = Main;
				INFOPLIST_KEY_UISupportedInterfaceOrientations_iPad = "UIInterfaceOrientationPortrait UIInterfaceOrientationPortraitUpsideDown UIInterfaceOrientationLandscapeLeft UIInterfaceOrientationLandscapeRight";
				INFOPLIST_KEY_UISupportedInterfaceOrientations_iPhone = "UIInterfaceOrientationPortrait UIInterfaceOrientationLandscapeLeft UIInterfaceOrientationLandscapeRight";
				LD_RUNPATH_SEARCH_PATHS = (
					"$(inherited)",
					"@executable_path/Frameworks",
				);
				MARKETING_VERSION = 1.0;
				PRODUCT_BUNDLE_IDENTIFIER = com.cybage.MVVMUsingCodableAlamofireDemo;
				PRODUCT_NAME = "$(TARGET_NAME)";
				SWIFT_EMIT_LOC_STRINGS = YES;
				SWIFT_VERSION = 5.0;
				TARGETED_DEVICE_FAMILY = "1,2";
			};
			name = Release;
		};
/* End XCBuildConfiguration section */

/* Begin XCConfigurationList section */
		77312DEC276CC64700B6C4F1 /* Build configuration list for PBXProject "MVVMUsingCodableAlamofireDemo" */ = {
			isa = XCConfigurationList;
			buildConfigurations = (
				77312E03276CC64D00B6C4F1 /* Debug */,
				77312E04276CC64D00B6C4F1 /* Release */,
			);
			defaultConfigurationIsVisible = 0;
			defaultConfigurationName = Release;
		};
		77312E05276CC64D00B6C4F1 /* Build configuration list for PBXNativeTarget "MVVMUsingCodableAlamofireDemo" */ = {
			isa = XCConfigurationList;
			buildConfigurations = (
				77312E06276CC64D00B6C4F1 /* Debug */,
				77312E07276CC64D00B6C4F1 /* Release */,
			);
			defaultConfigurationIsVisible = 0;
			defaultConfigurationName = Release;
		};
/* End XCConfigurationList section */
	};
	rootObject = 77312DE9276CC64700B6C4F1 /* Project object */;
}
